
Microsoft Visual Studio Solution File, Format Version 12.00
# Visual Studio 2013
VisualStudioVersion = 12.0.40629.0
MinimumVisualStudioVersion = 10.0.40219.1
Project("{FAE04EC0-301F-11D3-BF4B-00C04F79EFBC}") = "MetaPOS", "Src\MetaPOS\MetaPOS.csproj", "{FDED1748-39D0-4AC9-A3B5-747CFE80AF21}"
	ProjectSection(ProjectDependencies) = postProject
		{6B6A7C0E-CFD6-4CF7-8027-85C9A83F0663} = {6B6A7C0E-CFD6-4CF7-8027-85C9A83F0663}
		{0A958CB4-3C56-4549-AF29-D016570D81E3} = {0A958CB4-3C56-4549-AF29-D016570D81E3}
	EndProjectSection
EndProject
Project("{FAE04EC0-301F-11D3-BF4B-00C04F79EFBC}") = "MetaEmail", "Lib\MetaEmail\MetaEmail.csproj", "{6B6A7C0E-CFD6-4CF7-8027-85C9A83F0663}"
EndProject
Project("{FAE04EC0-301F-11D3-BF4B-00C04F79EFBC}") = "MetaSMS", "Lib\MetaSMS\MetaSMS.csproj", "{0A958CB4-3C56-4549-AF29-D016570D81E3}"
EndProject
Project("{2150E333-8FDC-42A3-9474-1A3956D46DE8}") = ".nuget", ".nuget", "{9193E0DB-D5B8-4CE9-B6E3-D2828B75F66A}"
	ProjectSection(SolutionItems) = preProject
		.nuget\NuGet.Config = .nuget\NuGet.Config
		.nuget\NuGet.exe = .nuget\NuGet.exe
		.nuget\NuGet.pdb = .nuget\NuGet.pdb
		.nuget\NuGet.targets = .nuget\NuGet.targets
	EndProjectSection
EndProject
Project("{FAE04EC0-301F-11D3-BF4B-00C04F79EFBC}") = "MetaPay", "Lib\metaPay\MetaPay.csproj", "{891FAC6C-D997-4C36-BFEE-2861F4B542D7}"
EndProject
Project("{FAE04EC0-301F-11D3-BF4B-00C04F79EFBC}") = "MetaShop", "Lib\metaShop\MetaShop.csproj", "{013B76FC-2CF2-43C9-A9AB-904FC193E417}"
EndProject
Project("{FAE04EC0-301F-11D3-BF4B-00C04F79EFBC}") = "MetaPOS.Api", "Lib\MetaPOS.Api\MetaPOS.Api.csproj", "{A399ED49-B0D1-4580-8A06-A6B89034AEE3}"
EndProject
Project("{2150E333-8FDC-42A3-9474-1A3956D46DE8}") = "Src", "Src", "{2396D21F-EF23-46EB-ABA3-781FA6BA5E94}"
EndProject
Project("{FAE04EC0-301F-11D3-BF4B-00C04F79EFBC}") = "MetaPOS.Core", "Src\MetaPOS.Core\MetaPOS.Core.csproj", "{BC59002C-8436-4942-B350-7B9BCAD2F2B3}"
EndProject
Project("{FAE04EC0-301F-11D3-BF4B-00C04F79EFBC}") = "MetaPOS.Infrastructure", "Src\MetaPOS.Infrastructure\MetaPOS.Infrastructure.csproj", "{3F87681B-7B52-4D21-961F-0E1D9C79FA82}"
EndProject
Project("{FAE04EC0-301F-11D3-BF4B-00C04F79EFBC}") = "MetaPOS.Entities", "Src\MetaPOS.Entities\MetaPOS.Entities.csproj", "{54D496A6-DD83-4FE4-A789-C157E32FC950}"
EndProject
Project("{2150E333-8FDC-42A3-9474-1A3956D46DE8}") = "Lib", "Lib", "{76060DFF-531E-487F-9FDA-D7485E675216}"
EndProject
Project("{2150E333-8FDC-42A3-9474-1A3956D46DE8}") = "Tests", "Tests", "{6B8EECA8-7F5B-4051-9F4D-7F058B3515AD}"
EndProject
Project("{2150E333-8FDC-42A3-9474-1A3956D46DE8}") = "Docs", "Docs", "{1A808FCC-9D55-4623-99EF-2758AC6FB2C9}"
	ProjectSection(SolutionItems) = preProject
		Docs\Project-architecture.md = Docs\Project-architecture.md
	EndProjectSection
EndProject
Project("{FAE04EC0-301F-11D3-BF4B-00C04F79EFBC}") = "MetaPOS.UnitTests", "Tests\MetaPOS.UnitTests\MetaPOS.UnitTests.csproj", "{B62BA05A-7FFB-491D-8044-80937D237DF4}"
EndProject
Global
	GlobalSection(SolutionConfigurationPlatforms) = preSolution
		Debug|Any CPU = Debug|Any CPU
		Release|Any CPU = Release|Any CPU
	EndGlobalSection
	GlobalSection(ProjectConfigurationPlatforms) = postSolution
		{FDED1748-39D0-4AC9-A3B5-747CFE80AF21}.Debug|Any CPU.ActiveCfg = Debug|Any CPU
		{FDED1748-39D0-4AC9-A3B5-747CFE80AF21}.Debug|Any CPU.Build.0 = Debug|Any CPU
		{FDED1748-39D0-4AC9-A3B5-747CFE80AF21}.Release|Any CPU.ActiveCfg = Release|Any CPU
		{FDED1748-39D0-4AC9-A3B5-747CFE80AF21}.Release|Any CPU.Build.0 = Release|Any CPU
		{6B6A7C0E-CFD6-4CF7-8027-85C9A83F0663}.Debug|Any CPU.ActiveCfg = Debug|Any CPU
		{6B6A7C0E-CFD6-4CF7-8027-85C9A83F0663}.Debug|Any CPU.Build.0 = Debug|Any CPU
		{6B6A7C0E-CFD6-4CF7-8027-85C9A83F0663}.Release|Any CPU.ActiveCfg = Release|Any CPU
		{6B6A7C0E-CFD6-4CF7-8027-85C9A83F0663}.Release|Any CPU.Build.0 = Release|Any CPU
		{0A958CB4-3C56-4549-AF29-D016570D81E3}.Debug|Any CPU.ActiveCfg = Debug|Any CPU
		{0A958CB4-3C56-4549-AF29-D016570D81E3}.Debug|Any CPU.Build.0 = Debug|Any CPU
		{0A958CB4-3C56-4549-AF29-D016570D81E3}.Release|Any CPU.ActiveCfg = Release|Any CPU
		{0A958CB4-3C56-4549-AF29-D016570D81E3}.Release|Any CPU.Build.0 = Release|Any CPU
		{891FAC6C-D997-4C36-BFEE-2861F4B542D7}.Debug|Any CPU.ActiveCfg = Debug|Any CPU
		{891FAC6C-D997-4C36-BFEE-2861F4B542D7}.Debug|Any CPU.Build.0 = Debug|Any CPU
		{891FAC6C-D997-4C36-BFEE-2861F4B542D7}.Release|Any CPU.ActiveCfg = Release|Any CPU
		{891FAC6C-D997-4C36-BFEE-2861F4B542D7}.Release|Any CPU.Build.0 = Release|Any CPU
		{013B76FC-2CF2-43C9-A9AB-904FC193E417}.Debug|Any CPU.ActiveCfg = Debug|Any CPU
		{013B76FC-2CF2-43C9-A9AB-904FC193E417}.Debug|Any CPU.Build.0 = Debug|Any CPU
		{013B76FC-2CF2-43C9-A9AB-904FC193E417}.Release|Any CPU.ActiveCfg = Release|Any CPU
		{013B76FC-2CF2-43C9-A9AB-904FC193E417}.Release|Any CPU.Build.0 = Release|Any CPU
		{A399ED49-B0D1-4580-8A06-A6B89034AEE3}.Debug|Any CPU.ActiveCfg = Debug|Any CPU
		{A399ED49-B0D1-4580-8A06-A6B89034AEE3}.Debug|Any CPU.Build.0 = Debug|Any CPU
		{A399ED49-B0D1-4580-8A06-A6B89034AEE3}.Release|Any CPU.ActiveCfg = Release|Any CPU
		{A399ED49-B0D1-4580-8A06-A6B89034AEE3}.Release|Any CPU.Build.0 = Release|Any CPU
		{BC59002C-8436-4942-B350-7B9BCAD2F2B3}.Debug|Any CPU.ActiveCfg = Debug|Any CPU
		{BC59002C-8436-4942-B350-7B9BCAD2F2B3}.Debug|Any CPU.Build.0 = Debug|Any CPU
		{BC59002C-8436-4942-B350-7B9BCAD2F2B3}.Release|Any CPU.ActiveCfg = Release|Any CPU
		{BC59002C-8436-4942-B350-7B9BCAD2F2B3}.Release|Any CPU.Build.0 = Release|Any CPU
		{3F87681B-7B52-4D21-961F-0E1D9C79FA82}.Debug|Any CPU.ActiveCfg = Debug|Any CPU
		{3F87681B-7B52-4D21-961F-0E1D9C79FA82}.Debug|Any CPU.Build.0 = Debug|Any CPU
		{3F87681B-7B52-4D21-961F-0E1D9C79FA82}.Release|Any CPU.ActiveCfg = Release|Any CPU
		{3F87681B-7B52-4D21-961F-0E1D9C79FA82}.Release|Any CPU.Build.0 = Release|Any CPU
		{54D496A6-DD83-4FE4-A789-C157E32FC950}.Debug|Any CPU.ActiveCfg = Debug|Any CPU
		{54D496A6-DD83-4FE4-A789-C157E32FC950}.Debug|Any CPU.Build.0 = Debug|Any CPU
		{54D496A6-DD83-4FE4-A789-C157E32FC950}.Release|Any CPU.ActiveCfg = Release|Any CPU
		{54D496A6-DD83-4FE4-A789-C157E32FC950}.Release|Any CPU.Build.0 = Release|Any CPU
		{B62BA05A-7FFB-491D-8044-80937D237DF4}.Debug|Any CPU.ActiveCfg = Debug|Any CPU
		{B62BA05A-7FFB-491D-8044-80937D237DF4}.Debug|Any CPU.Build.0 = Debug|Any CPU
		{B62BA05A-7FFB-491D-8044-80937D237DF4}.Release|Any CPU.ActiveCfg = Release|Any CPU
		{B62BA05A-7FFB-491D-8044-80937D237DF4}.Release|Any CPU.Build.0 = Release|Any CPU
	EndGlobalSection
	GlobalSection(SolutionProperties) = preSolution
		HideSolutionNode = FALSE
	EndGlobalSection
	GlobalSection(NestedProjects) = preSolution
		{FDED1748-39D0-4AC9-A3B5-747CFE80AF21} = {2396D21F-EF23-46EB-ABA3-781FA6BA5E94}
		{6B6A7C0E-CFD6-4CF7-8027-85C9A83F0663} = {76060DFF-531E-487F-9FDA-D7485E675216}
		{0A958CB4-3C56-4549-AF29-D016570D81E3} = {76060DFF-531E-487F-9FDA-D7485E675216}
		{891FAC6C-D997-4C36-BFEE-2861F4B542D7} = {76060DFF-531E-487F-9FDA-D7485E675216}
		{013B76FC-2CF2-43C9-A9AB-904FC193E417} = {76060DFF-531E-487F-9FDA-D7485E675216}
		{A399ED49-B0D1-4580-8A06-A6B89034AEE3} = {76060DFF-531E-487F-9FDA-D7485E675216}
		{BC59002C-8436-4942-B350-7B9BCAD2F2B3} = {2396D21F-EF23-46EB-ABA3-781FA6BA5E94}
		{3F87681B-7B52-4D21-961F-0E1D9C79FA82} = {2396D21F-EF23-46EB-ABA3-781FA6BA5E94}
		{54D496A6-DD83-4FE4-A789-C157E32FC950} = {2396D21F-EF23-46EB-ABA3-781FA6BA5E94}
		{B62BA05A-7FFB-491D-8044-80937D237DF4} = {6B8EECA8-7F5B-4051-9F4D-7F058B3515AD}
	EndGlobalSection
	GlobalSection(ExtensibilityGlobals) = postSolution
		SolutionGuid = {BD3B9739-D5F9-4DBC-AC64-78A601BF08E5}
	EndGlobalSection
EndGlobal
